
Microsoft Visual Studio Solution File, Format Version 12.00
# Visual Studio Version 17
VisualStudioVersion = 17.5.33516.290
MinimumVisualStudioVersion = 10.0.40219.1
Project("{A07B5EB6-E848-4116-A8D0-A826331D98C6}") = "UcitavanjeElektricnogBrojila", "UcitavanjeElektricnogBrojila\UcitavanjeElektricnogBrojila.sfproj", "{FC92EF85-86BD-42A0-86C1-8C7DF87D3D2D}"
EndProject
Project("{9A19103F-16F7-4668-BE54-9A1E7A4F7556}") = "Client", "Client\Client.csproj", "{7AFA87E3-13E1-48F7-A371-0581A971C61F}"
EndProject
Project("{9A19103F-16F7-4668-BE54-9A1E7A4F7556}") = "Common", "Common\Common.csproj", "{3E6C0699-A855-44A2-A0F7-7432C82EE4BD}"
EndProject
Project("{9A19103F-16F7-4668-BE54-9A1E7A4F7556}") = "PublisherSubscriber", "PublisherSubscriber\PublisherSubscriber.csproj", "{7BFF4D31-C8ED-4AF5-AFE6-1C158D490A7C}"
EndProject
Project("{FAE04EC0-301F-11D3-BF4B-00C04F79EFBC}") = "Saver", "Saver\Saver.csproj", "{1E4CA57C-E075-4047-86F3-2D550B951BDD}"
EndProject
Global
	GlobalSection(SolutionConfigurationPlatforms) = preSolution
		Debug|Any CPU = Debug|Any CPU
		Debug|x64 = Debug|x64
		Release|Any CPU = Release|Any CPU
		Release|x64 = Release|x64
	EndGlobalSection
	GlobalSection(ProjectConfigurationPlatforms) = postSolution
		{FC92EF85-86BD-42A0-86C1-8C7DF87D3D2D}.Debug|Any CPU.ActiveCfg = Debug|x64
		{FC92EF85-86BD-42A0-86C1-8C7DF87D3D2D}.Debug|Any CPU.Build.0 = Debug|x64
		{FC92EF85-86BD-42A0-86C1-8C7DF87D3D2D}.Debug|Any CPU.Deploy.0 = Debug|x64
		{FC92EF85-86BD-42A0-86C1-8C7DF87D3D2D}.Debug|x64.ActiveCfg = Debug|x64
		{FC92EF85-86BD-42A0-86C1-8C7DF87D3D2D}.Debug|x64.Build.0 = Debug|x64
		{FC92EF85-86BD-42A0-86C1-8C7DF87D3D2D}.Debug|x64.Deploy.0 = Debug|x64
		{FC92EF85-86BD-42A0-86C1-8C7DF87D3D2D}.Release|Any CPU.ActiveCfg = Release|x64
		{FC92EF85-86BD-42A0-86C1-8C7DF87D3D2D}.Release|Any CPU.Build.0 = Release|x64
		{FC92EF85-86BD-42A0-86C1-8C7DF87D3D2D}.Release|Any CPU.Deploy.0 = Release|x64
		{FC92EF85-86BD-42A0-86C1-8C7DF87D3D2D}.Release|x64.ActiveCfg = Release|x64
		{FC92EF85-86BD-42A0-86C1-8C7DF87D3D2D}.Release|x64.Build.0 = Release|x64
		{FC92EF85-86BD-42A0-86C1-8C7DF87D3D2D}.Release|x64.Deploy.0 = Release|x64
		{7AFA87E3-13E1-48F7-A371-0581A971C61F}.Debug|Any CPU.ActiveCfg = Debug|Any CPU
		{7AFA87E3-13E1-48F7-A371-0581A971C61F}.Debug|Any CPU.Build.0 = Debug|Any CPU
		{7AFA87E3-13E1-48F7-A371-0581A971C61F}.Debug|x64.ActiveCfg = Debug|Any CPU
		{7AFA87E3-13E1-48F7-A371-0581A971C61F}.Debug|x64.Build.0 = Debug|Any CPU
		{7AFA87E3-13E1-48F7-A371-0581A971C61F}.Release|Any CPU.ActiveCfg = Release|Any CPU
		{7AFA87E3-13E1-48F7-A371-0581A971C61F}.Release|Any CPU.Build.0 = Release|Any CPU
		{7AFA87E3-13E1-48F7-A371-0581A971C61F}.Release|x64.ActiveCfg = Release|Any CPU
		{7AFA87E3-13E1-48F7-A371-0581A971C61F}.Release|x64.Build.0 = Release|Any CPU
		{3E6C0699-A855-44A2-A0F7-7432C82EE4BD}.Debug|Any CPU.ActiveCfg = Debug|Any CPU
		{3E6C0699-A855-44A2-A0F7-7432C82EE4BD}.Debug|Any CPU.Build.0 = Debug|Any CPU
		{3E6C0699-A855-44A2-A0F7-7432C82EE4BD}.Debug|x64.ActiveCfg = Debug|Any CPU
		{3E6C0699-A855-44A2-A0F7-7432C82EE4BD}.Debug|x64.Build.0 = Debug|Any CPU
		{3E6C0699-A855-44A2-A0F7-7432C82EE4BD}.Release|Any CPU.ActiveCfg = Release|Any CPU
		{3E6C0699-A855-44A2-A0F7-7432C82EE4BD}.Release|Any CPU.Build.0 = Release|Any CPU
		{3E6C0699-A855-44A2-A0F7-7432C82EE4BD}.Release|x64.ActiveCfg = Release|Any CPU
		{3E6C0699-A855-44A2-A0F7-7432C82EE4BD}.Release|x64.Build.0 = Release|Any CPU
		{7BFF4D31-C8ED-4AF5-AFE6-1C158D490A7C}.Debug|Any CPU.ActiveCfg = Debug|Any CPU
		{7BFF4D31-C8ED-4AF5-AFE6-1C158D490A7C}.Debug|Any CPU.Build.0 = Debug|Any CPU
		{7BFF4D31-C8ED-4AF5-AFE6-1C158D490A7C}.Debug|x64.ActiveCfg = Debug|Any CPU
		{7BFF4D31-C8ED-4AF5-AFE6-1C158D490A7C}.Debug|x64.Build.0 = Debug|Any CPU
		{7BFF4D31-C8ED-4AF5-AFE6-1C158D490A7C}.Release|Any CPU.ActiveCfg = Release|Any CPU
		{7BFF4D31-C8ED-4AF5-AFE6-1C158D490A7C}.Release|Any CPU.Build.0 = Release|Any CPU
		{7BFF4D31-C8ED-4AF5-AFE6-1C158D490A7C}.Release|x64.ActiveCfg = Release|Any CPU
		{7BFF4D31-C8ED-4AF5-AFE6-1C158D490A7C}.Release|x64.Build.0 = Release|Any CPU
		{1E4CA57C-E075-4047-86F3-2D550B951BDD}.Debug|Any CPU.ActiveCfg = Debug|Any CPU
		{1E4CA57C-E075-4047-86F3-2D550B951BDD}.Debug|Any CPU.Build.0 = Debug|Any CPU
		{1E4CA57C-E075-4047-86F3-2D550B951BDD}.Debug|x64.ActiveCfg = Debug|Any CPU
		{1E4CA57C-E075-4047-86F3-2D550B951BDD}.Debug|x64.Build.0 = Debug|Any CPU
		{1E4CA57C-E075-4047-86F3-2D550B951BDD}.Release|Any CPU.ActiveCfg = Release|Any CPU
		{1E4CA57C-E075-4047-86F3-2D550B951BDD}.Release|Any CPU.Build.0 = Release|Any CPU
		{1E4CA57C-E075-4047-86F3-2D550B951BDD}.Release|x64.ActiveCfg = Release|Any CPU
		{1E4CA57C-E075-4047-86F3-2D550B951BDD}.Release|x64.Build.0 = Release|Any CPU
	EndGlobalSection
	GlobalSection(SolutionProperties) = preSolution
		HideSolutionNode = FALSE
	EndGlobalSection
	GlobalSection(ExtensibilityGlobals) = postSolution
		SolutionGuid = {FCCB506F-1B8C-49A1-9E6D-0F4961299896}
	EndGlobalSection
EndGlobal
